
Microsoft Visual Studio Solution File, Format Version 12.00
# Visual Studio Version 17
VisualStudioVersion = 17.0.31903.59
MinimumVisualStudioVersion = 10.0.40219.1
Project("{2150E333-8FDC-42A3-9474-1A3956D46DE8}") = "src", "src", "{827E0CD3-B72D-47B6-A68D-7590B98EB39B}"
EndProject
Project("{FAE04EC0-301F-11D3-BF4B-00C04F79EFBC}") = "CivicLedger.Domain", "src\CivicLedger.Domain\CivicLedger.Domain.csproj", "{854219AD-B3DC-4492-B57F-1CF191587A6D}"
EndProject
Project("{FAE04EC0-301F-11D3-BF4B-00C04F79EFBC}") = "CivicLedger.Application", "src\CivicLedger.Application\CivicLedger.Application.csproj", "{BFE83B32-D4C7-4313-9910-96BEFCECBE1C}"
EndProject
Project("{FAE04EC0-301F-11D3-BF4B-00C04F79EFBC}") = "CivicLedger.Api", "src\CivicLedger.Api\CivicLedger.Api.csproj", "{CF457912-C96D-4E99-92BF-E807BA224944}"
EndProject
Project("{FAE04EC0-301F-11D3-BF4B-00C04F79EFBC}") = "CivicLedger.Tests", "tests\CivicLedger.Tests\CivicLedger.Tests.csproj", "{950C17B8-1628-48A8-80D8-9E46BB9A3B5B}"
EndProject
Project("{FAE04EC0-301F-11D3-BF4B-00C04F79EFBC}") = "CivicLedger.Infrastructure", "src\CivicLedger.Infrastructure\CivicLedger.Infrastructure.csproj", "{4AEE29D8-7185-4E0C-8F1A-071A6D573B88}"
EndProject
Global
	GlobalSection(SolutionConfigurationPlatforms) = preSolution
		Debug|Any CPU = Debug|Any CPU
		Debug|x64 = Debug|x64
		Debug|x86 = Debug|x86
		Release|Any CPU = Release|Any CPU
		Release|x64 = Release|x64
		Release|x86 = Release|x86
	EndGlobalSection
	GlobalSection(ProjectConfigurationPlatforms) = postSolution
		{854219AD-B3DC-4492-B57F-1CF191587A6D}.Debug|Any CPU.ActiveCfg = Debug|Any CPU
		{854219AD-B3DC-4492-B57F-1CF191587A6D}.Debug|Any CPU.Build.0 = Debug|Any CPU
		{854219AD-B3DC-4492-B57F-1CF191587A6D}.Debug|x64.ActiveCfg = Debug|Any CPU
		{854219AD-B3DC-4492-B57F-1CF191587A6D}.Debug|x64.Build.0 = Debug|Any CPU
		{854219AD-B3DC-4492-B57F-1CF191587A6D}.Debug|x86.ActiveCfg = Debug|Any CPU
		{854219AD-B3DC-4492-B57F-1CF191587A6D}.Debug|x86.Build.0 = Debug|Any CPU
		{854219AD-B3DC-4492-B57F-1CF191587A6D}.Release|Any CPU.ActiveCfg = Release|Any CPU
		{854219AD-B3DC-4492-B57F-1CF191587A6D}.Release|Any CPU.Build.0 = Release|Any CPU
		{854219AD-B3DC-4492-B57F-1CF191587A6D}.Release|x64.ActiveCfg = Release|Any CPU
		{854219AD-B3DC-4492-B57F-1CF191587A6D}.Release|x64.Build.0 = Release|Any CPU
		{854219AD-B3DC-4492-B57F-1CF191587A6D}.Release|x86.ActiveCfg = Release|Any CPU
		{854219AD-B3DC-4492-B57F-1CF191587A6D}.Release|x86.Build.0 = Release|Any CPU
		{BFE83B32-D4C7-4313-9910-96BEFCECBE1C}.Debug|Any CPU.ActiveCfg = Debug|Any CPU
		{BFE83B32-D4C7-4313-9910-96BEFCECBE1C}.Debug|Any CPU.Build.0 = Debug|Any CPU
		{BFE83B32-D4C7-4313-9910-96BEFCECBE1C}.Debug|x64.ActiveCfg = Debug|Any CPU
		{BFE83B32-D4C7-4313-9910-96BEFCECBE1C}.Debug|x64.Build.0 = Debug|Any CPU
		{BFE83B32-D4C7-4313-9910-96BEFCECBE1C}.Debug|x86.ActiveCfg = Debug|Any CPU
		{BFE83B32-D4C7-4313-9910-96BEFCECBE1C}.Debug|x86.Build.0 = Debug|Any CPU
		{BFE83B32-D4C7-4313-9910-96BEFCECBE1C}.Release|Any CPU.ActiveCfg = Release|Any CPU
		{BFE83B32-D4C7-4313-9910-96BEFCECBE1C}.Release|Any CPU.Build.0 = Release|Any CPU
		{BFE83B32-D4C7-4313-9910-96BEFCECBE1C}.Release|x64.ActiveCfg = Release|Any CPU
		{BFE83B32-D4C7-4313-9910-96BEFCECBE1C}.Release|x64.Build.0 = Release|Any CPU
		{BFE83B32-D4C7-4313-9910-96BEFCECBE1C}.Release|x86.ActiveCfg = Release|Any CPU
		{BFE83B32-D4C7-4313-9910-96BEFCECBE1C}.Release|x86.Build.0 = Release|Any CPU
		{CF457912-C96D-4E99-92BF-E807BA224944}.Debug|Any CPU.ActiveCfg = Debug|Any CPU
		{CF457912-C96D-4E99-92BF-E807BA224944}.Debug|Any CPU.Build.0 = Debug|Any CPU
		{CF457912-C96D-4E99-92BF-E807BA224944}.Debug|x64.ActiveCfg = Debug|Any CPU
		{CF457912-C96D-4E99-92BF-E807BA224944}.Debug|x64.Build.0 = Debug|Any CPU
		{CF457912-C96D-4E99-92BF-E807BA224944}.Debug|x86.ActiveCfg = Debug|Any CPU
		{CF457912-C96D-4E99-92BF-E807BA224944}.Debug|x86.Build.0 = Debug|Any CPU
		{CF457912-C96D-4E99-92BF-E807BA224944}.Release|Any CPU.ActiveCfg = Release|Any CPU
		{CF457912-C96D-4E99-92BF-E807BA224944}.Release|Any CPU.Build.0 = Release|Any CPU
		{CF457912-C96D-4E99-92BF-E807BA224944}.Release|x64.ActiveCfg = Release|Any CPU
		{CF457912-C96D-4E99-92BF-E807BA224944}.Release|x64.Build.0 = Release|Any CPU
		{CF457912-C96D-4E99-92BF-E807BA224944}.Release|x86.ActiveCfg = Release|Any CPU
		{CF457912-C96D-4E99-92BF-E807BA224944}.Release|x86.Build.0 = Release|Any CPU
		{950C17B8-1628-48A8-80D8-9E46BB9A3B5B}.Debug|Any CPU.ActiveCfg = Debug|Any CPU
		{950C17B8-1628-48A8-80D8-9E46BB9A3B5B}.Debug|Any CPU.Build.0 = Debug|Any CPU
		{950C17B8-1628-48A8-80D8-9E46BB9A3B5B}.Debug|x64.ActiveCfg = Debug|Any CPU
		{950C17B8-1628-48A8-80D8-9E46BB9A3B5B}.Debug|x64.Build.0 = Debug|Any CPU
		{950C17B8-1628-48A8-80D8-9E46BB9A3B5B}.Debug|x86.ActiveCfg = Debug|Any CPU
		{950C17B8-1628-48A8-80D8-9E46BB9A3B5B}.Debug|x86.Build.0 = Debug|Any CPU
		{950C17B8-1628-48A8-80D8-9E46BB9A3B5B}.Release|Any CPU.ActiveCfg = Release|Any CPU
		{950C17B8-1628-48A8-80D8-9E46BB9A3B5B}.Release|Any CPU.Build.0 = Release|Any CPU
		{950C17B8-1628-48A8-80D8-9E46BB9A3B5B}.Release|x64.ActiveCfg = Release|Any CPU
		{950C17B8-1628-48A8-80D8-9E46BB9A3B5B}.Release|x64.Build.0 = Release|Any CPU
		{950C17B8-1628-48A8-80D8-9E46BB9A3B5B}.Release|x86.ActiveCfg = Release|Any CPU
		{950C17B8-1628-48A8-80D8-9E46BB9A3B5B}.Release|x86.Build.0 = Release|Any CPU
		{4AEE29D8-7185-4E0C-8F1A-071A6D573B88}.Debug|Any CPU.ActiveCfg = Debug|Any CPU
		{4AEE29D8-7185-4E0C-8F1A-071A6D573B88}.Debug|Any CPU.Build.0 = Debug|Any CPU
		{4AEE29D8-7185-4E0C-8F1A-071A6D573B88}.Debug|x64.ActiveCfg = Debug|Any CPU
		{4AEE29D8-7185-4E0C-8F1A-071A6D573B88}.Debug|x64.Build.0 = Debug|Any CPU
		{4AEE29D8-7185-4E0C-8F1A-071A6D573B88}.Debug|x86.ActiveCfg = Debug|Any CPU
		{4AEE29D8-7185-4E0C-8F1A-071A6D573B88}.Debug|x86.Build.0 = Debug|Any CPU
		{4AEE29D8-7185-4E0C-8F1A-071A6D573B88}.Release|Any CPU.ActiveCfg = Release|Any CPU
		{4AEE29D8-7185-4E0C-8F1A-071A6D573B88}.Release|Any CPU.Build.0 = Release|Any CPU
		{4AEE29D8-7185-4E0C-8F1A-071A6D573B88}.Release|x64.ActiveCfg = Release|Any CPU
		{4AEE29D8-7185-4E0C-8F1A-071A6D573B88}.Release|x64.Build.0 = Release|Any CPU
		{4AEE29D8-7185-4E0C-8F1A-071A6D573B88}.Release|x86.ActiveCfg = Release|Any CPU
		{4AEE29D8-7185-4E0C-8F1A-071A6D573B88}.Release|x86.Build.0 = Release|Any CPU
	EndGlobalSection
	GlobalSection(SolutionProperties) = preSolution
		HideSolutionNode = FALSE
	EndGlobalSection
	GlobalSection(NestedProjects) = preSolution
		{854219AD-B3DC-4492-B57F-1CF191587A6D} = {827E0CD3-B72D-47B6-A68D-7590B98EB39B}
		{BFE83B32-D4C7-4313-9910-96BEFCECBE1C} = {827E0CD3-B72D-47B6-A68D-7590B98EB39B}
		{CF457912-C96D-4E99-92BF-E807BA224944} = {827E0CD3-B72D-47B6-A68D-7590B98EB39B}
		{950C17B8-1628-48A8-80D8-9E46BB9A3B5B} = {827E0CD3-B72D-47B6-A68D-7590B98EB39B}
		{4AEE29D8-7185-4E0C-8F1A-071A6D573B88} = {827E0CD3-B72D-47B6-A68D-7590B98EB39B}
	EndGlobalSection
EndGlobal
